// !$*UTF8*$!
{
	archiveVersion = 1;
	classes = {
	};
	objectVersion = 46;
	objects = {
/* Begin PBXBuildFile section */
		0207DA581B56EA530066E2B4 /* Images.xcassets in Resources */ = {isa = PBXBuildFile; fileRef = 0207DA571B56EA530066E2B4 /* Images.xcassets */; };
		033ABB99EFF644F8BA79D2FB /* CDVViewController+SplashScreen.m in Sources */ = {isa = PBXBuildFile; fileRef = C6FEB4496EFF4229BA04CDEA /* CDVViewController+SplashScreen.m */; };
		08B57610B63A40748CB4CD01 /* libz.tbd in Frameworks */ = {isa = PBXBuildFile; fileRef = B50C2028E8C4461A98B38823 /* libz.tbd */; settings = {ATTRIBUTES = (Weak, ); }; };
		0A5496AE6E06416EA151F0AB /* SystemConfiguration.framework in Frameworks */ = {isa = PBXBuildFile; fileRef = 57B052B51CF94B0FB21B3867 /* SystemConfiguration.framework */; settings = {ATTRIBUTES = (Weak, ); }; };
		1B29E6CCBEFE45B697E8BF3C /* TravelApp.entitlements in Resources */ = {isa = PBXBuildFile; fileRef = E415524DDFED46AD817127D6 /* TravelApp.entitlements */; };
		1D3623260D0F684500981E51 /* AppDelegate.m in Sources */ = {isa = PBXBuildFile; fileRef = 1D3623250D0F684500981E51 /* AppDelegate.m */; };
		1D60589B0D05DD56006BFB54 /* main.m in Sources */ = {isa = PBXBuildFile; fileRef = 29B97316FDCFA39411CA2CEA /* main.m */; };
		2516F11C7AE94C21B3D63711 /* CDVWKProcessPoolFactory.m in Sources */ = {isa = PBXBuildFile; fileRef = 385A1598817844E395AF3258 /* CDVWKProcessPoolFactory.m */; };
		26141DC4CD6A42D9B53942E4 /* CDVWKWebViewEngine.m in Sources */ = {isa = PBXBuildFile; fileRef = E5D9B57813CD4C62B9FC810E /* CDVWKWebViewEngine.m */; };
		301BF552109A68D80062928A /* libCordova.a in Frameworks */ = {isa = PBXBuildFile; fileRef = 301BF535109A57CC0062928A /* libCordova.a */; settings = {ATTRIBUTES = (Required, ); }; };
		302D95F114D2391D003F00A1 /* MainViewController.m in Sources */ = {isa = PBXBuildFile; fileRef = 302D95EF14D2391D003F00A1 /* MainViewController.m */; };
		302D95F214D2391D003F00A1 /* MainViewController.xib in Resources */ = {isa = PBXBuildFile; fileRef = 302D95F014D2391D003F00A1 /* MainViewController.xib */; };
		3FC829931E934288A1855C1B /* CoreText.framework in Frameworks */ = {isa = PBXBuildFile; fileRef = 701D3AE7170740F5B51528A4 /* CoreText.framework */; settings = {ATTRIBUTES = (Weak, ); }; };
		4E918BCC0AC742098BCFF4B4 /* CDVStatusBar.m in Sources */ = {isa = PBXBuildFile; fileRef = 89E158690B6C4FCCAB55DE1F /* CDVStatusBar.m */; };
		59CFE7016FAA462C99DC9A69 /* AddressBook.framework in Frameworks */ = {isa = PBXBuildFile; fileRef = F46663B97860402AB90AB1D8 /* AddressBook.framework */; settings = {ATTRIBUTES = (Weak, ); }; };
		5C71CEB96D704BA3B2D18913 /* GoogleAuthUtilities.framework in Frameworks */ = {isa = PBXBuildFile; fileRef = 785560D8B68D46969C675F40 /* GoogleAuthUtilities.framework */; };
		6AFF5BF91D6E424B00AB3073 /* CDVLaunchScreen.storyboard in Resources */ = {isa = PBXBuildFile; fileRef = 6AFF5BF81D6E424B00AB3073 /* CDVLaunchScreen.storyboard */; };
		6F91F6CD8EA1473486B1C5FD /* GoogleSymbolUtilities.framework in Frameworks */ = {isa = PBXBuildFile; fileRef = AC49A914358743B79DD269D2 /* GoogleSymbolUtilities.framework */; };
		8BD0FE7EC6524AC99C62979B /* GoogleSignIn.framework in Frameworks */ = {isa = PBXBuildFile; fileRef = 3BE488FB1249467A97F40D81 /* GoogleSignIn.framework */; };
		8CB7BD1012D5475F83D69C01 /* CDVWKWebViewUIDelegate.m in Sources */ = {isa = PBXBuildFile; fileRef = 814FEA926AB444B58DD946F0 /* CDVWKWebViewUIDelegate.m */; };
		8F4803B0F440420FB0C5B62A /* IONAssetHandler.m in Sources */ = {isa = PBXBuildFile; fileRef = 3F1D69D36C1346E6AC5D1BF4 /* IONAssetHandler.m */; };
		8FAEE9720B5C4D44AD09CD2C /* CDVIonicKeyboard.m in Sources */ = {isa = PBXBuildFile; fileRef = CF64BA34405D4CD1B4297BCF /* CDVIonicKeyboard.m */; };
		A6660A75826541CEB4CE119A /* CDVSplashScreen.m in Sources */ = {isa = PBXBuildFile; fileRef = 8F992749F2B644F39F1C3A2E /* CDVSplashScreen.m */; };
		B8E493997D9F4AD1B6F15D5C /* Security.framework in Frameworks */ = {isa = PBXBuildFile; fileRef = B10A97D6403F457799C2D4AB /* Security.framework */; settings = {ATTRIBUTES = (Weak, ); }; };
		BC7824AE51E84EBD92227075 /* libz.dylib in Frameworks */ = {isa = PBXBuildFile; fileRef = 86DB62995E274AAF87B9BAD0 /* libz.dylib */; settings = {ATTRIBUTES = (Weak, ); }; };
		C5E415D91DC44303B590DE21 /* CDVDevice.m in Sources */ = {isa = PBXBuildFile; fileRef = 0EA0F71FDCF241D19837858B /* CDVDevice.m */; };
		C93F0B243D524D07817250B8 /* GooglePlus.m in Sources */ = {isa = PBXBuildFile; fileRef = C02913A1E47F408CA3340425 /* GooglePlus.m */; };
		DF5AC9689F76481586B0722C /* WebKit.framework in Frameworks */ = {isa = PBXBuildFile; fileRef = B6DB9DE0652C4D7FA809CCF4 /* WebKit.framework */; settings = {ATTRIBUTES = (Weak, ); }; };
		E375E8548A064785AFE03B50 /* GoogleNetworkingUtilities.framework in Frameworks */ = {isa = PBXBuildFile; fileRef = AC4AFF21E722479191E8B5EC /* GoogleNetworkingUtilities.framework */; };
		E74C2B1E662D4C6D965E35AF /* GoogleUtilities.framework in Frameworks */ = {isa = PBXBuildFile; fileRef = 9A3BF13065AE4C028EA42AEB /* GoogleUtilities.framework */; };
		F38082CBA10A4BA68AC4BE45 /* GoogleAppUtilities.framework in Frameworks */ = {isa = PBXBuildFile; fileRef = 478383C7E4224F1D855CA021 /* GoogleAppUtilities.framework */; };
		FE2C233193474AD482E6F98B /* SafariServices.framework in Frameworks */ = {isa = PBXBuildFile; fileRef = 39C83D781CE34AF385850025 /* SafariServices.framework */; settings = {ATTRIBUTES = (Weak, ); }; };
		4AB2CAF708394DD098920670 /* UIImage+CropScaleOrientation.m in Sources */ = {isa = PBXBuildFile; fileRef = 696D06C7F6474DBA956FD17B /* UIImage+CropScaleOrientation.m */; };
		90EF7F5629144095B58A74BB /* CDVCamera.m in Sources */ = {isa = PBXBuildFile; fileRef = DE99A72D6019476891EE7C77 /* CDVCamera.m */; };
		DA5FB8AB54EC4AC4BFF7D4BF /* CDVJpegHeaderWriter.m in Sources */ = {isa = PBXBuildFile; fileRef = F86FE6FD52FA43758D417B66 /* CDVJpegHeaderWriter.m */; };
		262B19BCCD694B0E89706208 /* ImageIO.framework in Frameworks */ = {isa = PBXBuildFile; fileRef = 79ED9E5CF737465ABB40FDFD /* ImageIO.framework */; settings = {ATTRIBUTES = (Weak, ); }; };
		956BAAC90D2D410AA0B14BD6 /* CoreLocation.framework in Frameworks */ = {isa = PBXBuildFile; fileRef = 449BAEB7245F43C499992D9C /* CoreLocation.framework */; };
		A5004BE207BE4C84A1359D94 /* AVFoundation.framework in Frameworks */ = {isa = PBXBuildFile; fileRef = C34AC5FDE886413D9094FA0B /* AVFoundation.framework */; };
		6FF5AD9E215F42FB9B70B18B /* FacebookConnectPlugin.m in Sources */ = {isa = PBXBuildFile; fileRef = D5DA98E170364771A500AEBA /* FacebookConnectPlugin.m */; };
		F7E6DC22FD0B446CAE80D448 /* FBSDKCoreKit.framework in Frameworks */ = {isa = PBXBuildFile; fileRef = B0D3FFDD431F4BDC8848DB3D /* FBSDKCoreKit.framework */; };
		6CEB03E26F2F4E12B47E9406 /* FBSDKLoginKit.framework in Frameworks */ = {isa = PBXBuildFile; fileRef = 015BA61854E84E7282DBCF23 /* FBSDKLoginKit.framework */; };
		F0E9191A050C4A5DBBD03485 /* FBSDKShareKit.framework in Frameworks */ = {isa = PBXBuildFile; fileRef = 0F537119BB144B17A4B2BE34 /* FBSDKShareKit.framework */; };
		51AFE4F138904D23941ADE54 /* CDVLocation.m in Sources */ = {isa = PBXBuildFile; fileRef = BE6ACB22E4794EAD8AC20CC5 /* CDVLocation.m */; };
		52A1694BA67A4B25AB69407D /* NativeGeocoder.swift in Sources */ = {isa = PBXBuildFile; fileRef = 3D2B0445491D464E809CA759 /* NativeGeocoder.swift */; };
/* End PBXBuildFile section */

/* Begin PBXContainerItemProxy section */
		301BF534109A57CC0062928A /* PBXContainerItemProxy */ = {
			isa = PBXContainerItemProxy;
			containerPortal = 301BF52D109A57CC0062928A /* CordovaLib/CordovaLib.xcodeproj */;
			proxyType = 2;
			remoteGlobalIDString = D2AAC07E0554694100DB518D;
			remoteInfo = CordovaLib;
		};
		301BF550109A68C00062928A /* PBXContainerItemProxy */ = {
			isa = PBXContainerItemProxy;
			containerPortal = 301BF52D109A57CC0062928A /* CordovaLib/CordovaLib.xcodeproj */;
			proxyType = 1;
			remoteGlobalIDString = D2AAC07D0554694100DB518D;
			remoteInfo = CordovaLib;
		};
		907D8123214C687600058A10 /* PBXContainerItemProxy */ = {
			isa = PBXContainerItemProxy;
			containerPortal = 301BF52D109A57CC0062928A /* CordovaLib/CordovaLib.xcodeproj */;
			proxyType = 2;
			remoteGlobalIDString = C0C01EB21E3911D50056E6CB;
			remoteInfo = Cordova;
		};
/* End PBXContainerItemProxy section */

/* Begin PBXFileReference section */
		0207DA571B56EA530066E2B4 /* Images.xcassets */ = {isa = PBXFileReference; lastKnownFileType = folder.assetcatalog; name = Images.xcassets; path = TravelApp/Images.xcassets; sourceTree = SOURCE_ROOT; };
		05459A79001B45E3BAE1FCB9 /* CDVViewController+SplashScreen.h */ = {isa = PBXFileReference; explicitFileType = undefined; fileEncoding = 4; includeInIndex = 0; lastKnownFileType = sourcecode.c.h; name = "CDVViewController+SplashScreen.h"; path = "cordova-plugin-splashscreen/CDVViewController+SplashScreen.h"; sourceTree = "<group>"; };
		0EA0F71FDCF241D19837858B /* CDVDevice.m */ = {isa = PBXFileReference; explicitFileType = undefined; fileEncoding = 4; includeInIndex = 0; lastKnownFileType = sourcecode.c.objc; name = CDVDevice.m; path = "cordova-plugin-device/CDVDevice.m"; sourceTree = "<group>"; };
		1D3623240D0F684500981E51 /* AppDelegate.h */ = {isa = PBXFileReference; fileEncoding = 4; lastKnownFileType = sourcecode.c.h; path = AppDelegate.h; sourceTree = "<group>"; };
		1D3623250D0F684500981E51 /* AppDelegate.m */ = {isa = PBXFileReference; fileEncoding = 4; lastKnownFileType = sourcecode.c.objc; path = AppDelegate.m; sourceTree = "<group>"; };
		1D6058910D05DD3D006BFB54 /* TravelApp.app */ = {isa = PBXFileReference; explicitFileType = wrapper.application; includeInIndex = 0; path = TravelApp.app; sourceTree = BUILT_PRODUCTS_DIR; };
		29B97316FDCFA39411CA2CEA /* main.m */ = {isa = PBXFileReference; fileEncoding = 4; lastKnownFileType = sourcecode.c.objc; path = main.m; sourceTree = "<group>"; };
		301BF52D109A57CC0062928A /* CordovaLib/CordovaLib.xcodeproj */ = {isa = PBXFileReference; lastKnownFileType = "wrapper.pb-project"; path = CordovaLib/CordovaLib.xcodeproj; sourceTree = "<group>"; };
		301BF56E109A69640062928A /* www */ = {isa = PBXFileReference; lastKnownFileType = folder; path = www; sourceTree = SOURCE_ROOT; };
		302D95EE14D2391D003F00A1 /* MainViewController.h */ = {isa = PBXFileReference; fileEncoding = 4; lastKnownFileType = sourcecode.c.h; path = MainViewController.h; sourceTree = "<group>"; };
		302D95EF14D2391D003F00A1 /* MainViewController.m */ = {isa = PBXFileReference; fileEncoding = 4; lastKnownFileType = sourcecode.c.objc; path = MainViewController.m; sourceTree = "<group>"; };
		302D95F014D2391D003F00A1 /* MainViewController.xib */ = {isa = PBXFileReference; fileEncoding = 4; lastKnownFileType = file.xib; path = MainViewController.xib; sourceTree = "<group>"; };
		3047A50F1AB8059700498E2A /* build-debug.xcconfig */ = {isa = PBXFileReference; fileEncoding = 4; lastKnownFileType = text.xcconfig; name = "build-debug.xcconfig"; path = "cordova/build-debug.xcconfig"; sourceTree = SOURCE_ROOT; };
		3047A5101AB8059700498E2A /* build-release.xcconfig */ = {isa = PBXFileReference; fileEncoding = 4; lastKnownFileType = text.xcconfig; name = "build-release.xcconfig"; path = "cordova/build-release.xcconfig"; sourceTree = SOURCE_ROOT; };
		3047A5111AB8059700498E2A /* build.xcconfig */ = {isa = PBXFileReference; fileEncoding = 4; lastKnownFileType = text.xcconfig; name = build.xcconfig; path = cordova/build.xcconfig; sourceTree = SOURCE_ROOT; };
		32CA4F630368D1EE00C91783 /* TravelApp-Prefix.pch */ = {isa = PBXFileReference; fileEncoding = 4; lastKnownFileType = sourcecode.c.h; path = "TravelApp-Prefix.pch"; sourceTree = "<group>"; };
		385A1598817844E395AF3258 /* CDVWKProcessPoolFactory.m */ = {isa = PBXFileReference; explicitFileType = undefined; fileEncoding = 4; includeInIndex = 0; lastKnownFileType = sourcecode.c.objc; name = CDVWKProcessPoolFactory.m; path = "cordova-plugin-ionic-webview/CDVWKProcessPoolFactory.m"; sourceTree = "<group>"; };
		39C83D781CE34AF385850025 /* SafariServices.framework */ = {isa = PBXFileReference; explicitFileType = undefined; fileEncoding = 9; includeInIndex = 0; lastKnownFileType = wrapper.framework; name = SafariServices.framework; path = System/Library/Frameworks/SafariServices.framework; sourceTree = SDKROOT; };
		3BE488FB1249467A97F40D81 /* GoogleSignIn.framework */ = {isa = PBXFileReference; explicitFileType = undefined; fileEncoding = 9; includeInIndex = 0; lastKnownFileType = wrapper.framework; name = GoogleSignIn.framework; path = "TravelApp/Plugins/cordova-plugin-googleplus/GoogleSignIn.framework"; sourceTree = "<group>"; };
		3F1D69D36C1346E6AC5D1BF4 /* IONAssetHandler.m */ = {isa = PBXFileReference; explicitFileType = undefined; fileEncoding = 4; includeInIndex = 0; lastKnownFileType = sourcecode.c.objc; name = IONAssetHandler.m; path = "cordova-plugin-ionic-webview/IONAssetHandler.m"; sourceTree = "<group>"; };
		478383C7E4224F1D855CA021 /* GoogleAppUtilities.framework */ = {isa = PBXFileReference; explicitFileType = undefined; fileEncoding = 9; includeInIndex = 0; lastKnownFileType = wrapper.framework; name = GoogleAppUtilities.framework; path = "TravelApp/Plugins/cordova-plugin-googleplus/GoogleAppUtilities.framework"; sourceTree = "<group>"; };
		54A112347D4B4EF7846E3ED0 /* CDVWKWebViewUIDelegate.h */ = {isa = PBXFileReference; explicitFileType = undefined; fileEncoding = 4; includeInIndex = 0; lastKnownFileType = sourcecode.c.h; name = CDVWKWebViewUIDelegate.h; path = "cordova-plugin-ionic-webview/CDVWKWebViewUIDelegate.h"; sourceTree = "<group>"; };
		57B052B51CF94B0FB21B3867 /* SystemConfiguration.framework */ = {isa = PBXFileReference; explicitFileType = undefined; fileEncoding = 9; includeInIndex = 0; lastKnownFileType = wrapper.framework; name = SystemConfiguration.framework; path = System/Library/Frameworks/SystemConfiguration.framework; sourceTree = SDKROOT; };
		62D9512BA5784214B77A6C05 /* CDVWKProcessPoolFactory.h */ = {isa = PBXFileReference; explicitFileType = undefined; fileEncoding = 4; includeInIndex = 0; lastKnownFileType = sourcecode.c.h; name = CDVWKProcessPoolFactory.h; path = "cordova-plugin-ionic-webview/CDVWKProcessPoolFactory.h"; sourceTree = "<group>"; };
		6847048CD2F8478A800F7232 /* CDVSplashScreen.h */ = {isa = PBXFileReference; explicitFileType = undefined; fileEncoding = 4; includeInIndex = 0; lastKnownFileType = sourcecode.c.h; name = CDVSplashScreen.h; path = "cordova-plugin-splashscreen/CDVSplashScreen.h"; sourceTree = "<group>"; };
		6AFF5BF81D6E424B00AB3073 /* CDVLaunchScreen.storyboard */ = {isa = PBXFileReference; fileEncoding = 4; lastKnownFileType = file.storyboard; name = CDVLaunchScreen.storyboard; path = TravelApp/CDVLaunchScreen.storyboard; sourceTree = SOURCE_ROOT; };
		6B12293538394259B1EE44DC /* CDVDevice.h */ = {isa = PBXFileReference; explicitFileType = undefined; fileEncoding = 4; includeInIndex = 0; lastKnownFileType = sourcecode.c.h; name = CDVDevice.h; path = "cordova-plugin-device/CDVDevice.h"; sourceTree = "<group>"; };
		6D649396CAE9455695D26E40 /* IONAssetHandler.h */ = {isa = PBXFileReference; explicitFileType = undefined; fileEncoding = 4; includeInIndex = 0; lastKnownFileType = sourcecode.c.h; name = IONAssetHandler.h; path = "cordova-plugin-ionic-webview/IONAssetHandler.h"; sourceTree = "<group>"; };
		701D3AE7170740F5B51528A4 /* CoreText.framework */ = {isa = PBXFileReference; explicitFileType = undefined; fileEncoding = 9; includeInIndex = 0; lastKnownFileType = wrapper.framework; name = CoreText.framework; path = System/Library/Frameworks/CoreText.framework; sourceTree = SDKROOT; };
		775221C2BAC446378345F998 /* CDVIonicKeyboard.h */ = {isa = PBXFileReference; explicitFileType = undefined; fileEncoding = 4; includeInIndex = 0; lastKnownFileType = sourcecode.c.h; name = CDVIonicKeyboard.h; path = "cordova-plugin-ionic-keyboard/CDVIonicKeyboard.h"; sourceTree = "<group>"; };
		785560D8B68D46969C675F40 /* GoogleAuthUtilities.framework */ = {isa = PBXFileReference; explicitFileType = undefined; fileEncoding = 9; includeInIndex = 0; lastKnownFileType = wrapper.framework; name = GoogleAuthUtilities.framework; path = "TravelApp/Plugins/cordova-plugin-googleplus/GoogleAuthUtilities.framework"; sourceTree = "<group>"; };
		814FEA926AB444B58DD946F0 /* CDVWKWebViewUIDelegate.m */ = {isa = PBXFileReference; explicitFileType = undefined; fileEncoding = 4; includeInIndex = 0; lastKnownFileType = sourcecode.c.objc; name = CDVWKWebViewUIDelegate.m; path = "cordova-plugin-ionic-webview/CDVWKWebViewUIDelegate.m"; sourceTree = "<group>"; };
		86DB62995E274AAF87B9BAD0 /* libz.dylib */ = {isa = PBXFileReference; explicitFileType = undefined; fileEncoding = 9; includeInIndex = 0; lastKnownFileType = "compiled.mach-o.dylib"; name = libz.dylib; path = usr/lib/libz.dylib; sourceTree = SDKROOT; };
		89E158690B6C4FCCAB55DE1F /* CDVStatusBar.m */ = {isa = PBXFileReference; explicitFileType = undefined; fileEncoding = 4; includeInIndex = 0; lastKnownFileType = sourcecode.c.objc; name = CDVStatusBar.m; path = "cordova-plugin-statusbar/CDVStatusBar.m"; sourceTree = "<group>"; };
		8D1107310486CEB800E47090 /* TravelApp-Info.plist */ = {isa = PBXFileReference; fileEncoding = 4; lastKnownFileType = text.plist.xml; name = "TravelApp-Info.plist"; path = "TravelApp/TravelApp-Info.plist"; plistStructureDefinitionIdentifier = "com.apple.xcode.plist.structure-definition.iphone.info-plist"; sourceTree = SOURCE_ROOT; };
		8F992749F2B644F39F1C3A2E /* CDVSplashScreen.m */ = {isa = PBXFileReference; explicitFileType = undefined; fileEncoding = 4; includeInIndex = 0; lastKnownFileType = sourcecode.c.objc; name = CDVSplashScreen.m; path = "cordova-plugin-splashscreen/CDVSplashScreen.m"; sourceTree = "<group>"; };
		9A3BF13065AE4C028EA42AEB /* GoogleUtilities.framework */ = {isa = PBXFileReference; explicitFileType = undefined; fileEncoding = 9; includeInIndex = 0; lastKnownFileType = wrapper.framework; name = GoogleUtilities.framework; path = "TravelApp/Plugins/cordova-plugin-googleplus/GoogleUtilities.framework"; sourceTree = "<group>"; };
		A0D1581E17D040F9BE78F590 /* CDVWKWebViewEngine.h */ = {isa = PBXFileReference; explicitFileType = undefined; fileEncoding = 4; includeInIndex = 0; lastKnownFileType = sourcecode.c.h; name = CDVWKWebViewEngine.h; path = "cordova-plugin-ionic-webview/CDVWKWebViewEngine.h"; sourceTree = "<group>"; };
		AC49A914358743B79DD269D2 /* GoogleSymbolUtilities.framework */ = {isa = PBXFileReference; explicitFileType = undefined; fileEncoding = 9; includeInIndex = 0; lastKnownFileType = wrapper.framework; name = GoogleSymbolUtilities.framework; path = "TravelApp/Plugins/cordova-plugin-googleplus/GoogleSymbolUtilities.framework"; sourceTree = "<group>"; };
		AC4AFF21E722479191E8B5EC /* GoogleNetworkingUtilities.framework */ = {isa = PBXFileReference; explicitFileType = undefined; fileEncoding = 9; includeInIndex = 0; lastKnownFileType = wrapper.framework; name = GoogleNetworkingUtilities.framework; path = "TravelApp/Plugins/cordova-plugin-googleplus/GoogleNetworkingUtilities.framework"; sourceTree = "<group>"; };
		B10A97D6403F457799C2D4AB /* Security.framework */ = {isa = PBXFileReference; explicitFileType = undefined; fileEncoding = 9; includeInIndex = 0; lastKnownFileType = wrapper.framework; name = Security.framework; path = System/Library/Frameworks/Security.framework; sourceTree = SDKROOT; };
		B3CCFBB1B22D4147A876611D /* CDVStatusBar.h */ = {isa = PBXFileReference; explicitFileType = undefined; fileEncoding = 4; includeInIndex = 0; lastKnownFileType = sourcecode.c.h; name = CDVStatusBar.h; path = "cordova-plugin-statusbar/CDVStatusBar.h"; sourceTree = "<group>"; };
		B50C2028E8C4461A98B38823 /* libz.tbd */ = {isa = PBXFileReference; explicitFileType = undefined; fileEncoding = 9; includeInIndex = 0; lastKnownFileType = "sourcecode.text-based-dylib-definition"; name = libz.tbd; path = usr/lib/libz.tbd; sourceTree = SDKROOT; };
		B6DB9DE0652C4D7FA809CCF4 /* WebKit.framework */ = {isa = PBXFileReference; explicitFileType = undefined; fileEncoding = 9; includeInIndex = 0; lastKnownFileType = wrapper.framework; name = WebKit.framework; path = System/Library/Frameworks/WebKit.framework; sourceTree = SDKROOT; };
		C02913A1E47F408CA3340425 /* GooglePlus.m */ = {isa = PBXFileReference; explicitFileType = undefined; fileEncoding = 4; includeInIndex = 0; lastKnownFileType = sourcecode.c.objc; name = GooglePlus.m; path = "cordova-plugin-googleplus/GooglePlus.m"; sourceTree = "<group>"; };
		C6FEB4496EFF4229BA04CDEA /* CDVViewController+SplashScreen.m */ = {isa = PBXFileReference; explicitFileType = undefined; fileEncoding = 4; includeInIndex = 0; lastKnownFileType = sourcecode.c.objc; name = "CDVViewController+SplashScreen.m"; path = "cordova-plugin-splashscreen/CDVViewController+SplashScreen.m"; sourceTree = "<group>"; };
		CF64BA34405D4CD1B4297BCF /* CDVIonicKeyboard.m */ = {isa = PBXFileReference; explicitFileType = undefined; fileEncoding = 4; includeInIndex = 0; lastKnownFileType = sourcecode.c.objc; name = CDVIonicKeyboard.m; path = "cordova-plugin-ionic-keyboard/CDVIonicKeyboard.m"; sourceTree = "<group>"; };
		E415524DDFED46AD817127D6 /* TravelApp.entitlements */ = {isa = PBXFileReference; fileEncoding = 4; lastKnownFileType = unknown; path = TravelApp.entitlements; sourceTree = "<group>"; };
		E5D9B57813CD4C62B9FC810E /* CDVWKWebViewEngine.m */ = {isa = PBXFileReference; explicitFileType = undefined; fileEncoding = 4; includeInIndex = 0; lastKnownFileType = sourcecode.c.objc; name = CDVWKWebViewEngine.m; path = "cordova-plugin-ionic-webview/CDVWKWebViewEngine.m"; sourceTree = "<group>"; };
		EB87FDF31871DA8E0020F90C /* www */ = {isa = PBXFileReference; lastKnownFileType = folder; name = www; path = ../../www; sourceTree = "<group>"; };
		EB87FDF41871DAF40020F90C /* config.xml */ = {isa = PBXFileReference; lastKnownFileType = text.xml; name = config.xml; path = ../../config.xml; sourceTree = "<group>"; };
		ED33DF2A687741AEAF9F8254 /* Bridging-Header.h */ = {isa = PBXFileReference; fileEncoding = 4; lastKnownFileType = sourcecode.c.h; path = "Bridging-Header.h"; sourceTree = "<group>"; };
		EE807C83159D480586B30F3E /* GooglePlus.h */ = {isa = PBXFileReference; explicitFileType = undefined; fileEncoding = 4; includeInIndex = 0; lastKnownFileType = sourcecode.c.h; name = GooglePlus.h; path = "cordova-plugin-googleplus/GooglePlus.h"; sourceTree = "<group>"; };
		F46663B97860402AB90AB1D8 /* AddressBook.framework */ = {isa = PBXFileReference; explicitFileType = undefined; fileEncoding = 9; includeInIndex = 0; lastKnownFileType = wrapper.framework; name = AddressBook.framework; path = System/Library/Frameworks/AddressBook.framework; sourceTree = SDKROOT; };
		F840E1F0165FE0F500CFE078 /* config.xml */ = {isa = PBXFileReference; lastKnownFileType = text.xml; name = config.xml; path = TravelApp/config.xml; sourceTree = "<group>"; };
		696D06C7F6474DBA956FD17B /* UIImage+CropScaleOrientation.m */ = {isa = PBXFileReference; name = "UIImage+CropScaleOrientation.m"; path = "cordova-plugin-camera/UIImage+CropScaleOrientation.m"; sourceTree = "<group>"; fileEncoding = 4; lastKnownFileType = sourcecode.c.objc; explicitFileType = undefined; includeInIndex = 0; };
		DE99A72D6019476891EE7C77 /* CDVCamera.m */ = {isa = PBXFileReference; name = "CDVCamera.m"; path = "cordova-plugin-camera/CDVCamera.m"; sourceTree = "<group>"; fileEncoding = 4; lastKnownFileType = sourcecode.c.objc; explicitFileType = undefined; includeInIndex = 0; };
		F86FE6FD52FA43758D417B66 /* CDVJpegHeaderWriter.m */ = {isa = PBXFileReference; name = "CDVJpegHeaderWriter.m"; path = "cordova-plugin-camera/CDVJpegHeaderWriter.m"; sourceTree = "<group>"; fileEncoding = 4; lastKnownFileType = sourcecode.c.objc; explicitFileType = undefined; includeInIndex = 0; };
		5322FEFFCA69492DBDD30690 /* UIImage+CropScaleOrientation.h */ = {isa = PBXFileReference; name = "UIImage+CropScaleOrientation.h"; path = "cordova-plugin-camera/UIImage+CropScaleOrientation.h"; sourceTree = "<group>"; fileEncoding = 4; lastKnownFileType = sourcecode.c.h; explicitFileType = undefined; includeInIndex = 0; };
		E1BAA4FE0CDB4DD4B69C67E8 /* CDVCamera.h */ = {isa = PBXFileReference; name = "CDVCamera.h"; path = "cordova-plugin-camera/CDVCamera.h"; sourceTree = "<group>"; fileEncoding = 4; lastKnownFileType = sourcecode.c.h; explicitFileType = undefined; includeInIndex = 0; };
		E3F41C2D745B4179937EA250 /* CDVJpegHeaderWriter.h */ = {isa = PBXFileReference; name = "CDVJpegHeaderWriter.h"; path = "cordova-plugin-camera/CDVJpegHeaderWriter.h"; sourceTree = "<group>"; fileEncoding = 4; lastKnownFileType = sourcecode.c.h; explicitFileType = undefined; includeInIndex = 0; };
		A3D5C191E0AC432C8B1AD4C1 /* CDVExif.h */ = {isa = PBXFileReference; name = "CDVExif.h"; path = "cordova-plugin-camera/CDVExif.h"; sourceTree = "<group>"; fileEncoding = 4; lastKnownFileType = sourcecode.c.h; explicitFileType = undefined; includeInIndex = 0; };
		79ED9E5CF737465ABB40FDFD /* ImageIO.framework */ = {isa = PBXFileReference; name = "ImageIO.framework"; path = "System/Library/Frameworks/ImageIO.framework"; sourceTree = SDKROOT; fileEncoding = undefined; lastKnownFileType = wrapper.framework; explicitFileType = undefined; includeInIndex = 0; };
		449BAEB7245F43C499992D9C /* CoreLocation.framework */ = {isa = PBXFileReference; name = "CoreLocation.framework"; path = "System/Library/Frameworks/CoreLocation.framework"; sourceTree = SDKROOT; fileEncoding = undefined; lastKnownFileType = wrapper.framework; explicitFileType = undefined; includeInIndex = 0; };
		C34AC5FDE886413D9094FA0B /* AVFoundation.framework */ = {isa = PBXFileReference; name = "AVFoundation.framework"; path = "System/Library/Frameworks/AVFoundation.framework"; sourceTree = SDKROOT; fileEncoding = undefined; lastKnownFileType = wrapper.framework; explicitFileType = undefined; includeInIndex = 0; };
		D5DA98E170364771A500AEBA /* FacebookConnectPlugin.m */ = {isa = PBXFileReference; name = "FacebookConnectPlugin.m"; path = "cordova-plugin-facebook4/FacebookConnectPlugin.m"; sourceTree = "<group>"; fileEncoding = 4; lastKnownFileType = sourcecode.c.objc; explicitFileType = undefined; includeInIndex = 0; };
		7A7B628C626C4F00AA00AC78 /* FacebookConnectPlugin.h */ = {isa = PBXFileReference; name = "FacebookConnectPlugin.h"; path = "cordova-plugin-facebook4/FacebookConnectPlugin.h"; sourceTree = "<group>"; fileEncoding = 4; lastKnownFileType = sourcecode.c.h; explicitFileType = undefined; includeInIndex = 0; };
		B0D3FFDD431F4BDC8848DB3D /* FBSDKCoreKit.framework */ = {isa = PBXFileReference; name = "FBSDKCoreKit.framework"; path = "TravelApp/Plugins/cordova-plugin-facebook4/FBSDKCoreKit.framework"; sourceTree = "<group>"; fileEncoding = undefined; lastKnownFileType = wrapper.framework; explicitFileType = undefined; includeInIndex = 0; };
		015BA61854E84E7282DBCF23 /* FBSDKLoginKit.framework */ = {isa = PBXFileReference; name = "FBSDKLoginKit.framework"; path = "TravelApp/Plugins/cordova-plugin-facebook4/FBSDKLoginKit.framework"; sourceTree = "<group>"; fileEncoding = undefined; lastKnownFileType = wrapper.framework; explicitFileType = undefined; includeInIndex = 0; };
		0F537119BB144B17A4B2BE34 /* FBSDKShareKit.framework */ = {isa = PBXFileReference; name = "FBSDKShareKit.framework"; path = "TravelApp/Plugins/cordova-plugin-facebook4/FBSDKShareKit.framework"; sourceTree = "<group>"; fileEncoding = undefined; lastKnownFileType = wrapper.framework; explicitFileType = undefined; includeInIndex = 0; };
		BE6ACB22E4794EAD8AC20CC5 /* CDVLocation.m */ = {isa = PBXFileReference; name = "CDVLocation.m"; path = "cordova-plugin-geolocation/CDVLocation.m"; sourceTree = "<group>"; fileEncoding = 4; lastKnownFileType = sourcecode.c.objc; explicitFileType = undefined; includeInIndex = 0; };
		901C6DEDB4854DEBB3E8C439 /* CDVLocation.h */ = {isa = PBXFileReference; name = "CDVLocation.h"; path = "cordova-plugin-geolocation/CDVLocation.h"; sourceTree = "<group>"; fileEncoding = 4; lastKnownFileType = sourcecode.c.h; explicitFileType = undefined; includeInIndex = 0; };
		3D2B0445491D464E809CA759 /* NativeGeocoder.swift */ = {isa = PBXFileReference; name = "NativeGeocoder.swift"; path = "cordova-plugin-nativegeocoder/NativeGeocoder.swift"; sourceTree = "<group>"; fileEncoding = 4; lastKnownFileType = sourcecode.swift; explicitFileType = undefined; includeInIndex = 0; };
		F128486BFCDB4B5D86DBF104 /* NativeGeocoder-Bridging-Header.h */ = {isa = PBXFileReference; name = "NativeGeocoder-Bridging-Header.h"; path = "cordova-plugin-nativegeocoder/NativeGeocoder-Bridging-Header.h"; sourceTree = "<group>"; fileEncoding = 4; lastKnownFileType = sourcecode.c.h; explicitFileType = undefined; includeInIndex = 0; };
/* End PBXFileReference section */

/* Begin PBXFrameworksBuildPhase section */
		1D60588F0D05DD3D006BFB54 /* Frameworks */ = {
			isa = PBXFrameworksBuildPhase;
			buildActionMask = 2147483647;
			files = (
				301BF552109A68D80062928A /* libCordova.a in Frameworks */,
				DF5AC9689F76481586B0722C /* WebKit.framework in Frameworks */,
				F38082CBA10A4BA68AC4BE45 /* GoogleAppUtilities.framework in Frameworks */,
				5C71CEB96D704BA3B2D18913 /* GoogleAuthUtilities.framework in Frameworks */,
				E375E8548A064785AFE03B50 /* GoogleNetworkingUtilities.framework in Frameworks */,
				8BD0FE7EC6524AC99C62979B /* GoogleSignIn.framework in Frameworks */,
				6F91F6CD8EA1473486B1C5FD /* GoogleSymbolUtilities.framework in Frameworks */,
				E74C2B1E662D4C6D965E35AF /* GoogleUtilities.framework in Frameworks */,
				59CFE7016FAA462C99DC9A69 /* AddressBook.framework in Frameworks */,
				3FC829931E934288A1855C1B /* CoreText.framework in Frameworks */,
				FE2C233193474AD482E6F98B /* SafariServices.framework in Frameworks */,
				B8E493997D9F4AD1B6F15D5C /* Security.framework in Frameworks */,
				0A5496AE6E06416EA151F0AB /* SystemConfiguration.framework in Frameworks */,
				08B57610B63A40748CB4CD01 /* libz.tbd in Frameworks */,
				BC7824AE51E84EBD92227075 /* libz.dylib in Frameworks */,
				262B19BCCD694B0E89706208 /* ImageIO.framework in Frameworks */,
				956BAAC90D2D410AA0B14BD6 /* CoreLocation.framework in Frameworks */,
				A5004BE207BE4C84A1359D94 /* AVFoundation.framework in Frameworks */,
				F7E6DC22FD0B446CAE80D448 /* FBSDKCoreKit.framework in Frameworks */,
				6CEB03E26F2F4E12B47E9406 /* FBSDKLoginKit.framework in Frameworks */,
				F0E9191A050C4A5DBBD03485 /* FBSDKShareKit.framework in Frameworks */,
			);
			runOnlyForDeploymentPostprocessing = 0;
		};
/* End PBXFrameworksBuildPhase section */

/* Begin PBXGroup section */
		080E96DDFE201D6D7F000001 /* Classes */ = {
			isa = PBXGroup;
			children = (
				302D95EE14D2391D003F00A1 /* MainViewController.h */,
				302D95EF14D2391D003F00A1 /* MainViewController.m */,
				302D95F014D2391D003F00A1 /* MainViewController.xib */,
				1D3623240D0F684500981E51 /* AppDelegate.h */,
				1D3623250D0F684500981E51 /* AppDelegate.m */,
			);
			name = Classes;
			path = TravelApp/Classes;
			sourceTree = SOURCE_ROOT;
		};
		19C28FACFE9D520D11CA2CBB /* Products */ = {
			isa = PBXGroup;
			children = (
				1D6058910D05DD3D006BFB54 /* TravelApp.app */,
			);
			name = Products;
			sourceTree = "<group>";
		};
		29B97314FDCFA39411CA2CEA /* CustomTemplate */ = {
			isa = PBXGroup;
			children = (
				EB87FDF41871DAF40020F90C /* config.xml */,
				EB87FDF31871DA8E0020F90C /* www */,
				EB87FDF11871DA420020F90C /* Staging */,
				301BF52D109A57CC0062928A /* CordovaLib/CordovaLib.xcodeproj */,
				080E96DDFE201D6D7F000001 /* Classes */,
				307C750510C5A3420062BCA9 /* Plugins */,
				29B97315FDCFA39411CA2CEA /* Other Sources */,
				29B97317FDCFA39411CA2CEA /* Resources */,
				29B97323FDCFA39411CA2CEA /* Frameworks */,
				19C28FACFE9D520D11CA2CBB /* Products */,
			);
			name = CustomTemplate;
			sourceTree = "<group>";
		};
		29B97315FDCFA39411CA2CEA /* Other Sources */ = {
			isa = PBXGroup;
			children = (
				32CA4F630368D1EE00C91783 /* TravelApp-Prefix.pch */,
				29B97316FDCFA39411CA2CEA /* main.m */,
				ED33DF2A687741AEAF9F8254 /* Bridging-Header.h */,
			);
			name = "Other Sources";
			path = TravelApp;
			sourceTree = "<group>";
		};
		29B97317FDCFA39411CA2CEA /* Resources */ = {
			isa = PBXGroup;
			children = (
				0207DA571B56EA530066E2B4 /* Images.xcassets */,
				3047A50E1AB8057F00498E2A /* config */,
				8D1107310486CEB800E47090 /* TravelApp-Info.plist */,
				6AFF5BF81D6E424B00AB3073 /* CDVLaunchScreen.storyboard */,
				E415524DDFED46AD817127D6 /* TravelApp.entitlements */,
			);
			name = Resources;
			path = TravelApp/Resources;
			sourceTree = "<group>";
		};
		29B97323FDCFA39411CA2CEA /* Frameworks */ = {
			isa = PBXGroup;
			children = (
				B6DB9DE0652C4D7FA809CCF4 /* WebKit.framework */,
				478383C7E4224F1D855CA021 /* GoogleAppUtilities.framework */,
				785560D8B68D46969C675F40 /* GoogleAuthUtilities.framework */,
				AC4AFF21E722479191E8B5EC /* GoogleNetworkingUtilities.framework */,
				3BE488FB1249467A97F40D81 /* GoogleSignIn.framework */,
				AC49A914358743B79DD269D2 /* GoogleSymbolUtilities.framework */,
				9A3BF13065AE4C028EA42AEB /* GoogleUtilities.framework */,
				F46663B97860402AB90AB1D8 /* AddressBook.framework */,
				701D3AE7170740F5B51528A4 /* CoreText.framework */,
				39C83D781CE34AF385850025 /* SafariServices.framework */,
				B10A97D6403F457799C2D4AB /* Security.framework */,
				57B052B51CF94B0FB21B3867 /* SystemConfiguration.framework */,
				B50C2028E8C4461A98B38823 /* libz.tbd */,
				86DB62995E274AAF87B9BAD0 /* libz.dylib */,
				79ED9E5CF737465ABB40FDFD /* ImageIO.framework */,
				449BAEB7245F43C499992D9C /* CoreLocation.framework */,
				C34AC5FDE886413D9094FA0B /* AVFoundation.framework */,
				B0D3FFDD431F4BDC8848DB3D /* FBSDKCoreKit.framework */,
				015BA61854E84E7282DBCF23 /* FBSDKLoginKit.framework */,
				0F537119BB144B17A4B2BE34 /* FBSDKShareKit.framework */,
			);
			name = Frameworks;
			sourceTree = "<group>";
		};
		301BF52E109A57CC0062928A /* Products */ = {
			isa = PBXGroup;
			children = (
				301BF535109A57CC0062928A /* libCordova.a */,
				907D8124214C687600058A10 /* Cordova.framework */,
			);
			name = Products;
			sourceTree = "<group>";
		};
		3047A50E1AB8057F00498E2A /* config */ = {
			isa = PBXGroup;
			children = (
				3047A50F1AB8059700498E2A /* build-debug.xcconfig */,
				3047A5101AB8059700498E2A /* build-release.xcconfig */,
				3047A5111AB8059700498E2A /* build.xcconfig */,
			);
			name = config;
			sourceTree = "<group>";
		};
		307C750510C5A3420062BCA9 /* Plugins */ = {
			isa = PBXGroup;
			children = (
				0EA0F71FDCF241D19837858B /* CDVDevice.m */,
				6B12293538394259B1EE44DC /* CDVDevice.h */,
				CF64BA34405D4CD1B4297BCF /* CDVIonicKeyboard.m */,
				775221C2BAC446378345F998 /* CDVIonicKeyboard.h */,
				E5D9B57813CD4C62B9FC810E /* CDVWKWebViewEngine.m */,
				814FEA926AB444B58DD946F0 /* CDVWKWebViewUIDelegate.m */,
				385A1598817844E395AF3258 /* CDVWKProcessPoolFactory.m */,
				3F1D69D36C1346E6AC5D1BF4 /* IONAssetHandler.m */,
				A0D1581E17D040F9BE78F590 /* CDVWKWebViewEngine.h */,
				54A112347D4B4EF7846E3ED0 /* CDVWKWebViewUIDelegate.h */,
				62D9512BA5784214B77A6C05 /* CDVWKProcessPoolFactory.h */,
				6D649396CAE9455695D26E40 /* IONAssetHandler.h */,
				8F992749F2B644F39F1C3A2E /* CDVSplashScreen.m */,
				C6FEB4496EFF4229BA04CDEA /* CDVViewController+SplashScreen.m */,
				6847048CD2F8478A800F7232 /* CDVSplashScreen.h */,
				05459A79001B45E3BAE1FCB9 /* CDVViewController+SplashScreen.h */,
				89E158690B6C4FCCAB55DE1F /* CDVStatusBar.m */,
				B3CCFBB1B22D4147A876611D /* CDVStatusBar.h */,
				C02913A1E47F408CA3340425 /* GooglePlus.m */,
				EE807C83159D480586B30F3E /* GooglePlus.h */,
				696D06C7F6474DBA956FD17B /* UIImage+CropScaleOrientation.m */,
				DE99A72D6019476891EE7C77 /* CDVCamera.m */,
				F86FE6FD52FA43758D417B66 /* CDVJpegHeaderWriter.m */,
				5322FEFFCA69492DBDD30690 /* UIImage+CropScaleOrientation.h */,
				E1BAA4FE0CDB4DD4B69C67E8 /* CDVCamera.h */,
				E3F41C2D745B4179937EA250 /* CDVJpegHeaderWriter.h */,
				A3D5C191E0AC432C8B1AD4C1 /* CDVExif.h */,
				D5DA98E170364771A500AEBA /* FacebookConnectPlugin.m */,
				7A7B628C626C4F00AA00AC78 /* FacebookConnectPlugin.h */,
				BE6ACB22E4794EAD8AC20CC5 /* CDVLocation.m */,
				901C6DEDB4854DEBB3E8C439 /* CDVLocation.h */,
				3D2B0445491D464E809CA759 /* NativeGeocoder.swift */,
				F128486BFCDB4B5D86DBF104 /* NativeGeocoder-Bridging-Header.h */,
			);
			name = Plugins;
			path = TravelApp/Plugins;
			sourceTree = SOURCE_ROOT;
		};
		EB87FDF11871DA420020F90C /* Staging */ = {
			isa = PBXGroup;
			children = (
				F840E1F0165FE0F500CFE078 /* config.xml */,
				301BF56E109A69640062928A /* www */,
			);
			name = Staging;
			sourceTree = "<group>";
		};
/* End PBXGroup section */

/* Begin PBXNativeTarget section */
		1D6058900D05DD3D006BFB54 /* TravelApp */ = {
			isa = PBXNativeTarget;
			buildConfigurationList = 1D6058960D05DD3E006BFB54 /* Build configuration list for PBXNativeTarget "TravelApp" */;
			buildPhases = (
				304B58A110DAC018002A0835 /* Copy www directory */,
				1D60588D0D05DD3D006BFB54 /* Resources */,
				1D60588E0D05DD3D006BFB54 /* Sources */,
				1D60588F0D05DD3D006BFB54 /* Frameworks */,
			);
			buildRules = (
			);
			dependencies = (
				301BF551109A68C00062928A /* PBXTargetDependency */,
			);
			name = TravelApp;
			productName = TravelApp;
			productReference = 1D6058910D05DD3D006BFB54 /* TravelApp.app */;
			productType = "com.apple.product-type.application";
		};
/* End PBXNativeTarget section */

/* Begin PBXProject section */
		29B97313FDCFA39411CA2CEA /* Project object */ = {
			isa = PBXProject;
			attributes = {
				LastUpgradeCheck = 510;
				TargetAttributes = {
					1D6058900D05DD3D006BFB54 = {
						DevelopmentTeam = G8G2ZMRR48;
						ProvisioningStyle = Automatic;
					};
				};
			};
			buildConfigurationList = C01FCF4E08A954540054247B /* Build configuration list for PBXProject "TravelApp" */;
			compatibilityVersion = "Xcode 3.2";
			developmentRegion = English;
			hasScannedForEncodings = 1;
			knownRegions = (
				English,
				en,
				Base,
			);
			mainGroup = 29B97314FDCFA39411CA2CEA /* CustomTemplate */;
			projectDirPath = "";
			projectReferences = (
				{
					ProductGroup = 301BF52E109A57CC0062928A /* Products */;
					ProjectRef = 301BF52D109A57CC0062928A /* CordovaLib/CordovaLib.xcodeproj */;
				},
			);
			projectRoot = "";
			targets = (
				1D6058900D05DD3D006BFB54 /* TravelApp */,
			);
		};
/* End PBXProject section */

/* Begin PBXReferenceProxy section */
		301BF535109A57CC0062928A /* libCordova.a */ = {
			isa = PBXReferenceProxy;
			fileType = archive.ar;
			path = libCordova.a;
			remoteRef = 301BF534109A57CC0062928A /* PBXContainerItemProxy */;
			sourceTree = BUILT_PRODUCTS_DIR;
		};
		907D8124214C687600058A10 /* Cordova.framework */ = {
			isa = PBXReferenceProxy;
			fileType = wrapper.framework;
			path = Cordova.framework;
			remoteRef = 907D8123214C687600058A10 /* PBXContainerItemProxy */;
			sourceTree = BUILT_PRODUCTS_DIR;
		};
/* End PBXReferenceProxy section */

/* Begin PBXResourcesBuildPhase section */
		1D60588D0D05DD3D006BFB54 /* Resources */ = {
			isa = PBXResourcesBuildPhase;
			buildActionMask = 2147483647;
			files = (
				302D95F214D2391D003F00A1 /* MainViewController.xib in Resources */,
				0207DA581B56EA530066E2B4 /* Images.xcassets in Resources */,
				6AFF5BF91D6E424B00AB3073 /* CDVLaunchScreen.storyboard in Resources */,
				1B29E6CCBEFE45B697E8BF3C /* TravelApp.entitlements in Resources */,
			);
			runOnlyForDeploymentPostprocessing = 0;
		};
/* End PBXResourcesBuildPhase section */

/* Begin PBXShellScriptBuildPhase section */
		304B58A110DAC018002A0835 /* Copy www directory */ = {
			isa = PBXShellScriptBuildPhase;
			buildActionMask = 2147483647;
			files = (
			);
			inputPaths = (
			);
			name = "Copy www directory";
			outputPaths = (
			);
			runOnlyForDeploymentPostprocessing = 0;
			shellPath = /bin/sh;
			shellScript = "\"$SRCROOT/TravelApp/Scripts/copy-www-build-step.sh\"";
			showEnvVarsInLog = 0;
		};
/* End PBXShellScriptBuildPhase section */

/* Begin PBXSourcesBuildPhase section */
		1D60588E0D05DD3D006BFB54 /* Sources */ = {
			isa = PBXSourcesBuildPhase;
			buildActionMask = 2147483647;
			files = (
				1D60589B0D05DD56006BFB54 /* main.m in Sources */,
				1D3623260D0F684500981E51 /* AppDelegate.m in Sources */,
				302D95F114D2391D003F00A1 /* MainViewController.m in Sources */,
				C5E415D91DC44303B590DE21 /* CDVDevice.m in Sources */,
				8FAEE9720B5C4D44AD09CD2C /* CDVIonicKeyboard.m in Sources */,
				26141DC4CD6A42D9B53942E4 /* CDVWKWebViewEngine.m in Sources */,
				8CB7BD1012D5475F83D69C01 /* CDVWKWebViewUIDelegate.m in Sources */,
				2516F11C7AE94C21B3D63711 /* CDVWKProcessPoolFactory.m in Sources */,
				8F4803B0F440420FB0C5B62A /* IONAssetHandler.m in Sources */,
				A6660A75826541CEB4CE119A /* CDVSplashScreen.m in Sources */,
				033ABB99EFF644F8BA79D2FB /* CDVViewController+SplashScreen.m in Sources */,
				4E918BCC0AC742098BCFF4B4 /* CDVStatusBar.m in Sources */,
				C93F0B243D524D07817250B8 /* GooglePlus.m in Sources */,
				4AB2CAF708394DD098920670 /* UIImage+CropScaleOrientation.m in Sources */,
				90EF7F5629144095B58A74BB /* CDVCamera.m in Sources */,
				DA5FB8AB54EC4AC4BFF7D4BF /* CDVJpegHeaderWriter.m in Sources */,
				6FF5AD9E215F42FB9B70B18B /* FacebookConnectPlugin.m in Sources */,
				51AFE4F138904D23941ADE54 /* CDVLocation.m in Sources */,
				52A1694BA67A4B25AB69407D /* NativeGeocoder.swift in Sources */,
			);
			runOnlyForDeploymentPostprocessing = 0;
		};
/* End PBXSourcesBuildPhase section */

/* Begin PBXTargetDependency section */
		301BF551109A68C00062928A /* PBXTargetDependency */ = {
			isa = PBXTargetDependency;
			name = CordovaLib;
			targetProxy = 301BF550109A68C00062928A /* PBXContainerItemProxy */;
		};
/* End PBXTargetDependency section */

/* Begin XCBuildConfiguration section */
		1D6058940D05DD3E006BFB54 /* Debug */ = {
			isa = XCBuildConfiguration;
			baseConfigurationReference = 3047A50F1AB8059700498E2A /* build-debug.xcconfig */;
			buildSettings = {
				ALWAYS_SEARCH_USER_PATHS = NO;
				ASSETCATALOG_COMPILER_APPICON_NAME = AppIcon;
				ASSETCATALOG_COMPILER_LAUNCHIMAGE_NAME = LaunchImage;
				CLANG_ENABLE_MODULES = YES;
				CLANG_ENABLE_OBJC_ARC = YES;
				CODE_SIGN_ENTITLEMENTS = TravelApp/Resources/TravelApp.entitlements;
				CODE_SIGN_IDENTITY = "Apple Development";
				CODE_SIGN_STYLE = Automatic;
				COPY_PHASE_STRIP = NO;
				DEVELOPMENT_TEAM = G8G2ZMRR48;
				FRAMEWORK_SEARCH_PATHS = (
					"$(inherited)",
					"\"TravelApp/Plugins/cordova-plugin-googleplus\"",
					"\"TravelApp/Plugins/cordova-plugin-googleplus\"",
					"\"TravelApp/Plugins/cordova-plugin-googleplus\"",
					"\"TravelApp/Plugins/cordova-plugin-googleplus\"",
					"\"TravelApp/Plugins/cordova-plugin-googleplus\"",
					"\"TravelApp/Plugins/cordova-plugin-googleplus\"",
					"\"TravelApp/Plugins/cordova-plugin-facebook4\"",
					"\"TravelApp/Plugins/cordova-plugin-facebook4\"",
					"\"TravelApp/Plugins/cordova-plugin-facebook4\"",
				);
				GCC_DYNAMIC_NO_PIC = NO;
				GCC_OPTIMIZATION_LEVEL = 0;
				GCC_PRECOMPILE_PREFIX_HEADER = YES;
				GCC_PREFIX_HEADER = "TravelApp/TravelApp-Prefix.pch";
				GCC_THUMB_SUPPORT = NO;
				GCC_VERSION = "";
				INFOPLIST_FILE = "TravelApp/TravelApp-Info.plist";
				IPHONEOS_DEPLOYMENT_TARGET = 11.0;
				LD_RUNPATH_SEARCH_PATHS = "@executable_path/Frameworks";
				PRODUCT_BUNDLE_IDENTIFIER = com.travelapp.mvp;
				PRODUCT_NAME = "$(TARGET_NAME)";
				PROVISIONING_PROFILE_SPECIFIER = "";
				TARGETED_DEVICE_FAMILY = "1,2";
				SWIFT_OBJC_BRIDGING_HEADER = "$(PROJECT_DIR)/$(PROJECT_NAME)/Bridging-Header.h";
				ALWAYS_EMBED_SWIFT_STANDARD_LIBRARIES = YES;
				SWIFT_VERSION = 4.0;
				SWIFT_OPTIMIZATION_LEVEL = "-Onone";
			};
			name = Debug;
		};
		1D6058950D05DD3E006BFB54 /* Release */ = {
			isa = XCBuildConfiguration;
			baseConfigurationReference = 3047A5101AB8059700498E2A /* build-release.xcconfig */;
			buildSettings = {
				ALWAYS_SEARCH_USER_PATHS = NO;
				ASSETCATALOG_COMPILER_APPICON_NAME = AppIcon;
				ASSETCATALOG_COMPILER_LAUNCHIMAGE_NAME = LaunchImage;
				CLANG_ENABLE_MODULES = YES;
				CLANG_ENABLE_OBJC_ARC = YES;
				CODE_SIGN_ENTITLEMENTS = TravelApp/Resources/TravelApp.entitlements;
				CODE_SIGN_IDENTITY = "Apple Development";
				CODE_SIGN_STYLE = Automatic;
				COPY_PHASE_STRIP = YES;
				DEVELOPMENT_TEAM = G8G2ZMRR48;
				FRAMEWORK_SEARCH_PATHS = (
					"$(inherited)",
					"\"TravelApp/Plugins/cordova-plugin-googleplus\"",
					"\"TravelApp/Plugins/cordova-plugin-googleplus\"",
					"\"TravelApp/Plugins/cordova-plugin-googleplus\"",
					"\"TravelApp/Plugins/cordova-plugin-googleplus\"",
					"\"TravelApp/Plugins/cordova-plugin-googleplus\"",
					"\"TravelApp/Plugins/cordova-plugin-googleplus\"",
					"\"TravelApp/Plugins/cordova-plugin-facebook4\"",
					"\"TravelApp/Plugins/cordova-plugin-facebook4\"",
					"\"TravelApp/Plugins/cordova-plugin-facebook4\"",
				);
				GCC_PRECOMPILE_PREFIX_HEADER = YES;
				GCC_PREFIX_HEADER = "TravelApp/TravelApp-Prefix.pch";
				GCC_THUMB_SUPPORT = NO;
				GCC_VERSION = "";
				INFOPLIST_FILE = "TravelApp/TravelApp-Info.plist";
				IPHONEOS_DEPLOYMENT_TARGET = 11.0;
				LD_RUNPATH_SEARCH_PATHS = "@executable_path/Frameworks";
				PRODUCT_BUNDLE_IDENTIFIER = com.travelapp.mvp;
				PRODUCT_NAME = "$(TARGET_NAME)";
				PROVISIONING_PROFILE_SPECIFIER = "";
				TARGETED_DEVICE_FAMILY = "1,2";
				SWIFT_OBJC_BRIDGING_HEADER = "$(PROJECT_DIR)/$(PROJECT_NAME)/Bridging-Header.h";
				ALWAYS_EMBED_SWIFT_STANDARD_LIBRARIES = YES;
				SWIFT_VERSION = 4.0;
			};
			name = Release;
		};
		C01FCF4F08A954540054247B /* Debug */ = {
			isa = XCBuildConfiguration;
			baseConfigurationReference = 3047A5111AB8059700498E2A /* build.xcconfig */;
			buildSettings = {
				CLANG_ENABLE_MODULES = YES;
				CLANG_ENABLE_OBJC_ARC = YES;
				CLANG_WARN_BLOCK_CAPTURE_AUTORELEASING = YES;
				CLANG_WARN_BOOL_CONVERSION = YES;
				CLANG_WARN_COMMA = YES;
				CLANG_WARN_CONSTANT_CONVERSION = YES;
				CLANG_WARN_DEPRECATED_OBJC_IMPLEMENTATIONS = YES;
				CLANG_WARN_EMPTY_BODY = YES;
				CLANG_WARN_ENUM_CONVERSION = YES;
				CLANG_WARN_INFINITE_RECURSION = YES;
				CLANG_WARN_INT_CONVERSION = YES;
				CLANG_WARN_NON_LITERAL_NULL_CONVERSION = YES;
				CLANG_WARN_OBJC_IMPLICIT_RETAIN_SELF = YES;
				CLANG_WARN_OBJC_LITERAL_CONVERSION = YES;
				CLANG_WARN_RANGE_LOOP_ANALYSIS = YES;
				CLANG_WARN_STRICT_PROTOTYPES = YES;
				CLANG_WARN_SUSPICIOUS_MOVE = YES;
				CLANG_WARN_UNREACHABLE_CODE = YES;
				CLANG_WARN__DUPLICATE_METHOD_MATCH = YES;
				CODE_SIGN_ENTITLEMENTS = TravelApp/Resources/TravelApp.entitlements;
				ENABLE_STRICT_OBJC_MSGSEND = YES;
				ENABLE_TESTABILITY = YES;
				GCC_C_LANGUAGE_STANDARD = c99;
				GCC_NO_COMMON_BLOCKS = YES;
				GCC_THUMB_SUPPORT = NO;
				GCC_VERSION = "";
				GCC_WARN_64_TO_32_BIT_CONVERSION = YES;
				GCC_WARN_ABOUT_RETURN_TYPE = YES;
				GCC_WARN_UNDECLARED_SELECTOR = YES;
				GCC_WARN_UNINITIALIZED_AUTOS = YES;
				GCC_WARN_UNUSED_FUNCTION = YES;
				GCC_WARN_UNUSED_VARIABLE = YES;
				IPHONEOS_DEPLOYMENT_TARGET = 11.0;
				ONLY_ACTIVE_ARCH = YES;
				PRODUCT_BUNDLE_IDENTIFIER = com.travelapp.mvp;
				SDKROOT = iphoneos;
				SKIP_INSTALL = NO;
				SWIFT_OBJC_BRIDGING_HEADER = "$(PROJECT_DIR)/$(PROJECT_NAME)/Bridging-Header.h";
				ALWAYS_EMBED_SWIFT_STANDARD_LIBRARIES = YES;
				SWIFT_VERSION = 4.0;
				SWIFT_OPTIMIZATION_LEVEL = "-Onone";
			};
			name = Debug;
		};
		C01FCF5008A954540054247B /* Release */ = {
			isa = XCBuildConfiguration;
			baseConfigurationReference = 3047A5111AB8059700498E2A /* build.xcconfig */;
			buildSettings = {
				CLANG_ENABLE_MODULES = YES;
				CLANG_ENABLE_OBJC_ARC = YES;
				CLANG_WARN_BLOCK_CAPTURE_AUTORELEASING = YES;
				CLANG_WARN_BOOL_CONVERSION = YES;
				CLANG_WARN_COMMA = YES;
				CLANG_WARN_CONSTANT_CONVERSION = YES;
				CLANG_WARN_DEPRECATED_OBJC_IMPLEMENTATIONS = YES;
				CLANG_WARN_EMPTY_BODY = YES;
				CLANG_WARN_ENUM_CONVERSION = YES;
				CLANG_WARN_INFINITE_RECURSION = YES;
				CLANG_WARN_INT_CONVERSION = YES;
				CLANG_WARN_NON_LITERAL_NULL_CONVERSION = YES;
				CLANG_WARN_OBJC_IMPLICIT_RETAIN_SELF = YES;
				CLANG_WARN_OBJC_LITERAL_CONVERSION = YES;
				CLANG_WARN_RANGE_LOOP_ANALYSIS = YES;
				CLANG_WARN_STRICT_PROTOTYPES = YES;
				CLANG_WARN_SUSPICIOUS_MOVE = YES;
				CLANG_WARN_UNREACHABLE_CODE = YES;
				CLANG_WARN__DUPLICATE_METHOD_MATCH = YES;
				CODE_SIGN_ENTITLEMENTS = TravelApp/Resources/TravelApp.entitlements;
				ENABLE_STRICT_OBJC_MSGSEND = YES;
				GCC_C_LANGUAGE_STANDARD = c99;
				GCC_NO_COMMON_BLOCKS = YES;
				GCC_THUMB_SUPPORT = NO;
				GCC_VERSION = "";
				GCC_WARN_64_TO_32_BIT_CONVERSION = YES;
				GCC_WARN_ABOUT_RETURN_TYPE = YES;
				GCC_WARN_UNDECLARED_SELECTOR = YES;
				GCC_WARN_UNINITIALIZED_AUTOS = YES;
				GCC_WARN_UNUSED_FUNCTION = YES;
				GCC_WARN_UNUSED_VARIABLE = YES;
				IPHONEOS_DEPLOYMENT_TARGET = 11.0;
				PRODUCT_BUNDLE_IDENTIFIER = com.travelapp.mvp;
				SDKROOT = iphoneos;
				SKIP_INSTALL = NO;
				SWIFT_OBJC_BRIDGING_HEADER = "$(PROJECT_DIR)/$(PROJECT_NAME)/Bridging-Header.h";
				ALWAYS_EMBED_SWIFT_STANDARD_LIBRARIES = YES;
				SWIFT_VERSION = 4.0;
			};
			name = Release;
		};
/* End XCBuildConfiguration section */

/* Begin XCConfigurationList section */
		1D6058960D05DD3E006BFB54 /* Build configuration list for PBXNativeTarget "TravelApp" */ = {
			isa = XCConfigurationList;
			buildConfigurations = (
				1D6058940D05DD3E006BFB54 /* Debug */,
				1D6058950D05DD3E006BFB54 /* Release */,
			);
			defaultConfigurationIsVisible = 0;
			defaultConfigurationName = Release;
		};
		C01FCF4E08A954540054247B /* Build configuration list for PBXProject "TravelApp" */ = {
			isa = XCConfigurationList;
			buildConfigurations = (
				C01FCF4F08A954540054247B /* Debug */,
				C01FCF5008A954540054247B /* Release */,
			);
			defaultConfigurationIsVisible = 0;
			defaultConfigurationName = Release;
		};
/* End XCConfigurationList section */
	};
	rootObject = 29B97313FDCFA39411CA2CEA /* Project object */;
}
